{
  "version": "4",
  "remote": {
    "https://esm.sh/v135/@noble/curves@1.6.0/denonext/_shortw_utils.js": "aa77d013e3579a6563b263232acb531abad2b8f9208979d84c6cbccd1f13ee9d",
    "https://esm.sh/v135/@noble/curves@1.6.0/denonext/abstract/curve.js": "8ecc3452789bdfe439b107f6240e87fac7d99694333de19eb6226bf8ad62ef5b",
    "https://esm.sh/v135/@noble/curves@1.6.0/denonext/abstract/hash-to-curve.js": "d1e0289da5d2d260bb45eefd4ebe654a15f12c6d70fb1ad1585b26bd7a7e93a4",
    "https://esm.sh/v135/@noble/curves@1.6.0/denonext/abstract/modular.js": "225821e3939167b362e767512a6932c7e832784bd5cf4e02ed7a2a3369e61d68",
    "https://esm.sh/v135/@noble/curves@1.6.0/denonext/abstract/utils.js": "c3bfc5109952f13a46212a9c1a21692ece7ed4998a25c80deeb5fce8402955e1",
    "https://esm.sh/v135/@noble/curves@1.6.0/denonext/abstract/weierstrass.js": "6450ac64c15133949a1b67e460d38a3090412ad05b50f20929767984d86bcf2b",
    "https://esm.sh/v135/@noble/curves@1.6.0/denonext/secp256k1.js": "6fdb49fb1d4c62f3f296cb0ffa756207c0f940aad5f057e12494b4b4274585f4",
    "https://esm.sh/v135/@noble/hashes@1.5.0/denonext/_assert.js": "dfe24ce7f88f44f4b08a21bb62805313d214169cdf704404ab3bb2b863a4f075",
    "https://esm.sh/v135/@noble/hashes@1.5.0/denonext/_md.js": "bea40bae429ee9cd076c76f97e7a68cddbd9b0edae732a5a0163c813b6803a63",
    "https://esm.sh/v135/@noble/hashes@1.5.0/denonext/crypto.js": "8a413a4f01226ecd02368b24d1ae21ee2649259594e94a1f44dbec04fe9a4f7a",
    "https://esm.sh/v135/@noble/hashes@1.5.0/denonext/hmac.js": "ac925f2bf1288309f6c443966741b939a3b8f6392c7e489053109d9c6e847ae7",
    "https://esm.sh/v135/@noble/hashes@1.5.0/denonext/ripemd160.js": "78805d93acf374b8ea1f8539f5045bea871fec79639b47d8d2ff6d07ee9fee0b",
    "https://esm.sh/v135/@noble/hashes@1.5.0/denonext/sha256.js": "bd27385c195ad1f0c75d1bac953dae20fdac3fc6a6197643effc526278b1bccf",
    "https://esm.sh/v135/@noble/hashes@1.5.0/denonext/sha3.js": "0fae7e6bc1a3667a7f9c942de371ba4c4dcfb901cf804bae1b0cfb0df821f9d4",
    "https://esm.sh/v135/@noble/hashes@1.5.0/denonext/utils.js": "0a7844dcc08c063fff82e233e3f86b9d9115a82449e072cdd39d720fec86abfb",
    "https://esm.sh/v135/abitype@1.0.6/denonext/abitype.mjs": "ca797e87fda5adfa3da001657802741099fa27503d81288badcf56558e597e98",
    "https://esm.sh/v135/isows@1.0.6/denonext/isows.mjs": "064ddd23e9484a8af5284cc6ea9d1838d6cb1e1bb6798856df5560b54e3d8625",
    "https://esm.sh/v135/viem@2.21.47/denonext/_esm/utils/ccip.js": "5667de0bc2450698a465951356dd0f1e76c0e1096dddea63a396c21afb6833ee",
    "https://esm.sh/v135/viem@2.21.47/denonext/chains.js": "a8d75ffb1981393128e2d9c93bebe4dbbd38691da5a9a98e7e57bc6a93e1d367",
    "https://esm.sh/v135/viem@2.21.47/denonext/chains/utils.js": "4113bdcef280d60dcfb15c8415be4cbf82967f5341cc572a4c2c7bba38c3a929",
    "https://esm.sh/v135/viem@2.21.47/denonext/utils.js": "78141b5fca68390766fec27b46cd005c29bd268eade75d2f36d415a42d7f0d3e",
    "https://esm.sh/v135/viem@2.21.47/denonext/viem.mjs": "f33f9b54b1eb56233c2fe5b979cf9d7a964b9cad056a4ee726b1bd09847d5925",
    "https://esm.sh/viem@2.21.47": "aff0ff477446cb8f85d004d0c047ca77876541c82497f795c2b0052ae2d10f63",
    "https://esm.sh/viem@2.21.47/chains": "1c00845abf3246e4a4fe5e4d0c84bedc375519c4c9fa984aefb254865ac80436",
    "https://raw.githubusercontent.com/yjgaia/wallet-utils/refs/heads/main/deno/AddressUtils.ts": "c3e9cad779158ed878366cbe7d0c1a1416a8d63808ce4f386e8119f748485728",
    "https://raw.githubusercontent.com/yjgaia/wallet-utils/refs/heads/main/deno/getChainById.ts": "f79a32acdb15b9ce145055453c759846b4b9edd8d76a6bd48d39cc85fd40ae4e",
    "https://raw.githubusercontent.com/yjgaia/wallet-utils/refs/heads/main/deno/mod.ts": "83f43779cd907994283a5ccb77911b9e963fc2e60c4e0395c5d926faa16787d6"
  },
  "workspace": {
    "packageJson": {
      "dependencies": [
        "npm:@nomicfoundation/hardhat-chai-matchers@2",
        "npm:@nomicfoundation/hardhat-ethers@3",
        "npm:@nomicfoundation/hardhat-ignition-ethers@0.15",
        "npm:@nomicfoundation/hardhat-ignition@0.15",
        "npm:@nomicfoundation/hardhat-network-helpers@1",
        "npm:@nomicfoundation/hardhat-toolbox@5",
        "npm:@nomicfoundation/hardhat-verify@2",
        "npm:@openzeppelin/contracts-upgradeable@^5.0.2",
        "npm:@openzeppelin/contracts@^5.0.2",
        "npm:@openzeppelin/hardhat-upgrades@^3.4.0",
        "npm:@typechain/ethers-v6@0.5",
        "npm:@typechain/hardhat@9",
        "npm:@types/chai@^4.2.0",
        "npm:@types/mocha@>=9.1.0",
        "npm:@types/node@>=18.0.0",
        "npm:chai@^4.2.0",
        "npm:dotenv@^16.4.5",
        "npm:ethers@^6.4.0",
        "npm:hardhat-gas-reporter@^1.0.8",
        "npm:hardhat@^2.22.13",
        "npm:hardhat_metamask_client@^1.0.37",
        "npm:solidity-coverage@0.8",
        "npm:ts-node@>=8.0.0",
        "npm:typechain@^8.3.0",
        "npm:typescript@>=4.5.0"
      ]
    }
  }
}
